
Microsoft Visual Studio Solution File, Format Version 12.00
# Visual Studio Version 16
VisualStudioVersion = 16.0.29613.14
MinimumVisualStudioVersion = 10.0.40219.1
Project("{FAE04EC0-301F-11D3-BF4B-00C04F79EFBC}") = "BasicWebProject", "BasicWebProject\BasicWebProject.csproj", "{D7C3C83E-0FB4-45C1-A896-4AC3BEC324E6}"
EndProject
Global
	GlobalSection(SolutionConfigurationPlatforms) = preSolution
		Debug|Any CPU = Debug|Any CPU
		Release|Any CPU = Release|Any CPU
	EndGlobalSection
	GlobalSection(ProjectConfigurationPlatforms) = postSolution
		{D7C3C83E-0FB4-45C1-A896-4AC3BEC324E6}.Debug|Any CPU.ActiveCfg = Debug|Any CPU
		{D7C3C83E-0FB4-45C1-A896-4AC3BEC324E6}.Debug|Any CPU.Build.0 = Debug|Any CPU
		{D7C3C83E-0FB4-45C1-A896-4AC3BEC324E6}.Release|Any CPU.ActiveCfg = Release|Any CPU
		{D7C3C83E-0FB4-45C1-A896-4AC3BEC324E6}.Release|Any CPU.Build.0 = Release|Any CPU
	EndGlobalSection
	GlobalSection(SolutionProperties) = preSolution
		HideSolutionNode = FALSE
	EndGlobalSection
	GlobalSection(ExtensibilityGlobals) = postSolution
		SolutionGuid = {BC1F51CF-D64D-4FCA-8563-FB1AE289A6B9}
	EndGlobalSection
EndGlobal
